
Microsoft Visual Studio Solution File, Format Version 12.00
# Visual Studio 2012
Project("{FAE04EC0-301F-11D3-BF4B-00C04F79EFBC}") = "8 Tracks Downloader", "8 Tracks Downloader\8 Tracks Downloader.csproj", "{42344684-DD1C-481E-835C-DE90726F43BD}"
EndProject
Global
	GlobalSection(SolutionConfigurationPlatforms) = preSolution
		Debug|Any CPU = Debug|Any CPU
		Release|Any CPU = Release|Any CPU
	EndGlobalSection
	GlobalSection(ProjectConfigurationPlatforms) = postSolution
		{42344684-DD1C-481E-835C-DE90726F43BD}.Debug|Any CPU.ActiveCfg = Debug|Any CPU
		{42344684-DD1C-481E-835C-DE90726F43BD}.Debug|Any CPU.Build.0 = Debug|Any CPU
		{42344684-DD1C-481E-835C-DE90726F43BD}.Release|Any CPU.ActiveCfg = Release|Any CPU
		{42344684-DD1C-481E-835C-DE90726F43BD}.Release|Any CPU.Build.0 = Release|Any CPU
	EndGlobalSection
	GlobalSection(SolutionProperties) = preSolution
		HideSolutionNode = FALSE
	EndGlobalSection
EndGlobal
